{
  "version": 4,
  "terraform_version": "0.14.2",
  "serial": 78,
  "lineage": "2a24405a-dc3a-aaeb-e9b3-088e9f03b7af",
  "outputs": {
    "api_key": {
      "value": "da2-2eptsttb3ngy3hcyls3uruqo5y",
      "type": "string",
      "sensitive": true
    },
    "api_url": {
      "value": "https://2heddslfa5avbeak43zoakzuoa.appsync-api.eu-central-1.amazonaws.com/graphql",
      "type": "string"
    }
  },
  "resources": [
    {
      "mode": "managed",
      "type": "aws_appsync_api_key",
      "name": "api_key",
      "provider": "provider[\"registry.terraform.io/hashicorp/aws\"]",
      "instances": [
        {
          "schema_version": 0,
          "attributes": {
            "api_id": "wgau2jwo5fb6vgveanxusphymy",
            "description": "Managed by Terraform",
            "expires": "2021-08-30T15:00:00Z",
            "id": "wgau2jwo5fb6vgveanxusphymy:da2-2eptsttb3ngy3hcyls3uruqo5y",
            "key": "da2-2eptsttb3ngy3hcyls3uruqo5y"
          },
          "sensitive_attributes": [],
          "private": "bnVsbA==",
          "dependencies": [
            "aws_appsync_graphql_api.api"
          ]
        }
      ]
    },
    {
      "mode": "managed",
      "type": "aws_appsync_datasource",
      "name": "brands_datasource",
      "provider": "provider[\"registry.terraform.io/hashicorp/aws\"]",
      "instances": [
        {
          "schema_version": 0,
          "attributes": {
            "api_id": "wgau2jwo5fb6vgveanxusphymy",
            "arn": "arn:aws:appsync:eu-central-1:853297805448:apis/wgau2jwo5fb6vgveanxusphymy/datasources/Brands",
            "description": "",
            "dynamodb_config": [
              {
                "region": "eu-central-1",
                "table_name": "Brands",
                "use_caller_credentials": false
              }
            ],
            "elasticsearch_config": [],
            "http_config": [],
            "id": "wgau2jwo5fb6vgveanxusphymy-Brands",
            "lambda_config": [],
            "name": "Brands",
            "service_role_arn": "arn:aws:iam::853297805448:role/terraform-20210823154944288900000001",
            "type": "AMAZON_DYNAMODB"
          },
          "sensitive_attributes": [],
          "private": "bnVsbA==",
          "dependencies": [
            "aws_appsync_graphql_api.api",
            "aws_dynamodb_table.brands_table",
            "aws_iam_role.role"
          ]
        }
      ]
    },
    {
      "mode": "managed",
      "type": "aws_appsync_datasource",
      "name": "companies_datasource",
      "provider": "provider[\"registry.terraform.io/hashicorp/aws\"]",
      "instances": [
        {
          "schema_version": 0,
          "attributes": {
            "api_id": "wgau2jwo5fb6vgveanxusphymy",
            "arn": "arn:aws:appsync:eu-central-1:853297805448:apis/wgau2jwo5fb6vgveanxusphymy/datasources/Companies",
            "description": "",
            "dynamodb_config": [
              {
                "region": "eu-central-1",
                "table_name": "Companies",
                "use_caller_credentials": false
              }
            ],
            "elasticsearch_config": [],
            "http_config": [],
            "id": "wgau2jwo5fb6vgveanxusphymy-Companies",
            "lambda_config": [],
            "name": "Companies",
            "service_role_arn": "arn:aws:iam::853297805448:role/terraform-20210823154944288900000001",
            "type": "AMAZON_DYNAMODB"
          },
          "sensitive_attributes": [],
          "private": "bnVsbA==",
          "dependencies": [
            "aws_appsync_graphql_api.api",
            "aws_dynamodb_table.companies_table",
            "aws_iam_role.role"
          ]
        }
      ]
    },
    {
      "mode": "managed",
      "type": "aws_appsync_datasource",
      "name": "products_datasource",
      "provider": "provider[\"registry.terraform.io/hashicorp/aws\"]",
      "instances": [
        {
          "schema_version": 0,
          "attributes": {
            "api_id": "wgau2jwo5fb6vgveanxusphymy",
            "arn": "arn:aws:appsync:eu-central-1:853297805448:apis/wgau2jwo5fb6vgveanxusphymy/datasources/Products",
            "description": "",
            "dynamodb_config": [
              {
                "region": "eu-central-1",
                "table_name": "Products",
                "use_caller_credentials": false
              }
            ],
            "elasticsearch_config": [],
            "http_config": [],
            "id": "wgau2jwo5fb6vgveanxusphymy-Products",
            "lambda_config": [],
            "name": "Products",
            "service_role_arn": "arn:aws:iam::853297805448:role/terraform-20210823154944288900000001",
            "type": "AMAZON_DYNAMODB"
          },
          "sensitive_attributes": [],
          "private": "bnVsbA==",
          "dependencies": [
            "aws_appsync_graphql_api.api",
            "aws_dynamodb_table.products_table",
            "aws_iam_role.role"
          ]
        }
      ]
    },
    {
      "mode": "managed",
      "type": "aws_appsync_graphql_api",
      "name": "api",
      "provider": "provider[\"registry.terraform.io/hashicorp/aws\"]",
      "instances": [
        {
          "schema_version": 0,
          "attributes": {
            "additional_authentication_provider": [],
            "arn": "arn:aws:appsync:eu-central-1:853297805448:apis/wgau2jwo5fb6vgveanxusphymy",
            "authentication_type": "API_KEY",
            "id": "wgau2jwo5fb6vgveanxusphymy",
            "log_config": [],
            "name": "ProductsApi",
            "openid_connect_config": [],
            "schema": "type Company {\n    id: ID!\n    name: String!\n    country: String\n    city: String\n    street: String\n    houseNumber: String\n    zipCode: String\n}\n\ntype Brand {\n    id: ID!\n    companyId: ID\n    name: String\n}\n\ntype Product {\n    id: ID!\n    brand: Brand\n    name: String\n    description: String\n    availability: Int\n}\n\ntype Mutation {\n    createCompany(\n        name: String!,\n        country: String,\n        city: String,\n        street: String,\n        houseNumber: String,\n        zipCode: String\n    ): Company\n    createBrand(name: String!, companyId: ID!): Brand\n    createProduct(\n        name: String!,\n        brandId: ID!,\n        description: String,\n        availability: Int!\n    ): Product\n    updateProductAvailability(id: ID!, availability: Int!): Product\n}\n\ntype Query {\n    getCompany(id: ID!): Company\n    getProductsByBrand(brandId: ID!): [Product]\n}\n\nschema {\n    query: Query\n    mutation: Mutation\n}\n",
            "tags": {},
            "tags_all": {},
            "uris": {
              "GRAPHQL": "https://2heddslfa5avbeak43zoakzuoa.appsync-api.eu-central-1.amazonaws.com/graphql",
              "REALTIME": "wss://2heddslfa5avbeak43zoakzuoa.appsync-realtime-api.eu-central-1.amazonaws.com/graphql"
            },
            "user_pool_config": [],
            "xray_enabled": false
          },
          "sensitive_attributes": [],
          "private": "bnVsbA=="
        }
      ]
    },
    {
      "mode": "managed",
      "type": "aws_appsync_resolver",
      "name": "create_brand_resolver",
      "provider": "provider[\"registry.terraform.io/hashicorp/aws\"]",
      "instances": [
        {
          "schema_version": 0,
          "attributes": {
            "api_id": "wgau2jwo5fb6vgveanxusphymy",
            "arn": "arn:aws:appsync:eu-central-1:853297805448:apis/wgau2jwo5fb6vgveanxusphymy/types/Mutation/resolvers/createBrand",
            "caching_config": [],
            "data_source": "Brands",
            "field": "createBrand",
            "id": "wgau2jwo5fb6vgveanxusphymy-Mutation-createBrand",
            "kind": "UNIT",
            "pipeline_config": [],
            "request_template": "{\n    \"version\" : \"2017-02-28\",\n    \"operation\" : \"PutItem\",\n    \"key\" : {\n        \"id\": $util.dynamodb.toDynamoDBJson($util.autoId())\n    },\n    \"attributeValues\" : $util.dynamodb.toMapValuesJson($ctx.args)\n}\n",
            "response_template": "$util.toJson($ctx.result)",
            "type": "Mutation"
          },
          "sensitive_attributes": [],
          "private": "bnVsbA==",
          "dependencies": [
            "aws_appsync_datasource.brands_datasource",
            "aws_appsync_graphql_api.api",
            "aws_dynamodb_table.brands_table",
            "aws_iam_role.role"
          ]
        }
      ]
    },
    {
      "mode": "managed",
      "type": "aws_appsync_resolver",
      "name": "create_company_resolver",
      "provider": "provider[\"registry.terraform.io/hashicorp/aws\"]",
      "instances": [
        {
          "schema_version": 0,
          "attributes": {
            "api_id": "wgau2jwo5fb6vgveanxusphymy",
            "arn": "arn:aws:appsync:eu-central-1:853297805448:apis/wgau2jwo5fb6vgveanxusphymy/types/Mutation/resolvers/createCompany",
            "caching_config": [],
            "data_source": "Companies",
            "field": "createCompany",
            "id": "wgau2jwo5fb6vgveanxusphymy-Mutation-createCompany",
            "kind": "UNIT",
            "pipeline_config": [],
            "request_template": "{\n    \"version\" : \"2017-02-28\",\n    \"operation\" : \"PutItem\",\n    \"key\" : {\n        \"id\": $util.dynamodb.toDynamoDBJson($util.autoId())\n    },\n    \"attributeValues\" : $util.dynamodb.toMapValuesJson($ctx.args)\n}\n",
            "response_template": "$util.toJson($ctx.result)",
            "type": "Mutation"
          },
          "sensitive_attributes": [],
          "private": "bnVsbA==",
          "dependencies": [
            "aws_appsync_datasource.companies_datasource",
            "aws_appsync_graphql_api.api",
            "aws_dynamodb_table.companies_table",
            "aws_iam_role.role"
          ]
        }
      ]
    },
    {
      "mode": "managed",
      "type": "aws_appsync_resolver",
      "name": "create_product_resolver",
      "provider": "provider[\"registry.terraform.io/hashicorp/aws\"]",
      "instances": [
        {
          "schema_version": 0,
          "attributes": {
            "api_id": "wgau2jwo5fb6vgveanxusphymy",
            "arn": "arn:aws:appsync:eu-central-1:853297805448:apis/wgau2jwo5fb6vgveanxusphymy/types/Mutation/resolvers/createProduct",
            "caching_config": [],
            "data_source": "Products",
            "field": "createProduct",
            "id": "wgau2jwo5fb6vgveanxusphymy-Mutation-createProduct",
            "kind": "UNIT",
            "pipeline_config": [],
            "request_template": "{\n    \"version\" : \"2017-02-28\",\n    \"operation\" : \"PutItem\",\n    \"key\" : {\n        \"id\": $util.dynamodb.toDynamoDBJson($util.autoId())\n    },\n    \"attributeValues\" : $util.dynamodb.toMapValuesJson($ctx.args)\n}\n",
            "response_template": "$util.toJson($ctx.result)",
            "type": "Mutation"
          },
          "sensitive_attributes": [],
          "private": "bnVsbA==",
          "dependencies": [
            "aws_appsync_datasource.products_datasource",
            "aws_appsync_graphql_api.api",
            "aws_dynamodb_table.products_table",
            "aws_iam_role.role"
          ]
        }
      ]
    },
    {
      "mode": "managed",
      "type": "aws_appsync_resolver",
      "name": "get_brand_field_resolver",
      "provider": "provider[\"registry.terraform.io/hashicorp/aws\"]",
      "instances": [
        {
          "schema_version": 0,
          "attributes": {
            "api_id": "wgau2jwo5fb6vgveanxusphymy",
            "arn": "arn:aws:appsync:eu-central-1:853297805448:apis/wgau2jwo5fb6vgveanxusphymy/types/Product/resolvers/brand",
            "caching_config": [],
            "data_source": "Brands",
            "field": "brand",
            "id": "wgau2jwo5fb6vgveanxusphymy-Product-brand",
            "kind": "UNIT",
            "pipeline_config": [],
            "request_template": "{\n    \"version\": \"2017-02-28\",\n    \"operation\": \"GetItem\",\n    \"key\": {\n        \"id\": $util.dynamodb.toDynamoDBJson($ctx.source.brandId)\n    }\n}\n",
            "response_template": "$util.toJson($ctx.result)",
            "type": "Product"
          },
          "sensitive_attributes": [],
          "private": "bnVsbA==",
          "dependencies": [
            "aws_appsync_datasource.brands_datasource",
            "aws_appsync_graphql_api.api",
            "aws_dynamodb_table.brands_table",
            "aws_iam_role.role"
          ]
        }
      ]
    },
    {
      "mode": "managed",
      "type": "aws_appsync_resolver",
      "name": "get_company_resolver",
      "provider": "provider[\"registry.terraform.io/hashicorp/aws\"]",
      "instances": [
        {
          "schema_version": 0,
          "attributes": {
            "api_id": "wgau2jwo5fb6vgveanxusphymy",
            "arn": "arn:aws:appsync:eu-central-1:853297805448:apis/wgau2jwo5fb6vgveanxusphymy/types/Query/resolvers/getCompany",
            "caching_config": [],
            "data_source": "Companies",
            "field": "getCompany",
            "id": "wgau2jwo5fb6vgveanxusphymy-Query-getCompany",
            "kind": "UNIT",
            "pipeline_config": [],
            "request_template": "{\n    \"version\": \"2017-02-28\",\n    \"operation\": \"GetItem\",\n    \"key\": {\n        \"id\": $util.dynamodb.toDynamoDBJson($ctx.args.id)\n    }\n}\n",
            "response_template": "$util.toJson($ctx.result)",
            "type": "Query"
          },
          "sensitive_attributes": [],
          "private": "bnVsbA==",
          "dependencies": [
            "aws_appsync_datasource.companies_datasource",
            "aws_appsync_graphql_api.api",
            "aws_dynamodb_table.companies_table",
            "aws_iam_role.role"
          ]
        }
      ]
    },
    {
      "mode": "managed",
      "type": "aws_appsync_resolver",
      "name": "get_products_by_brand_resolver",
      "provider": "provider[\"registry.terraform.io/hashicorp/aws\"]",
      "instances": [
        {
          "schema_version": 0,
          "attributes": {
            "api_id": "wgau2jwo5fb6vgveanxusphymy",
            "arn": "arn:aws:appsync:eu-central-1:853297805448:apis/wgau2jwo5fb6vgveanxusphymy/types/Query/resolvers/getProductsByBrand",
            "caching_config": [],
            "data_source": "Products",
            "field": "getProductsByBrand",
            "id": "wgau2jwo5fb6vgveanxusphymy-Query-getProductsByBrand",
            "kind": "UNIT",
            "pipeline_config": [],
            "request_template": "{\n    \"version\" : \"2017-02-28\",\n    \"operation\" : \"Scan\",\n    \"filter\" : {\n        \"expression\" : \"contains(#brandId, :brandId)\",\n        \"expressionNames\" : {\n            \"#brandId\" : \"brandId\"\n        },\n        \"expressionValues\" : {\n            \":brandId\" : $util.dynamodb.toDynamoDBJson($ctx.args.brandId)\n        }\n    }\n}\n",
            "response_template": "$util.toJson($ctx.result.items)",
            "type": "Query"
          },
          "sensitive_attributes": [],
          "private": "bnVsbA==",
          "dependencies": [
            "aws_appsync_datasource.products_datasource",
            "aws_appsync_graphql_api.api",
            "aws_dynamodb_table.products_table",
            "aws_iam_role.role"
          ]
        }
      ]
    },
    {
      "mode": "managed",
      "type": "aws_dynamodb_table",
      "name": "brands_table",
      "provider": "provider[\"registry.terraform.io/hashicorp/aws\"]",
      "instances": [
        {
          "schema_version": 1,
          "attributes": {
            "arn": "arn:aws:dynamodb:eu-central-1:853297805448:table/Brands",
            "attribute": [
              {
                "name": "id",
                "type": "S"
              }
            ],
            "billing_mode": "PROVISIONED",
            "global_secondary_index": [],
            "hash_key": "id",
            "id": "Brands",
            "local_secondary_index": [],
            "name": "Brands",
            "point_in_time_recovery": [
              {
                "enabled": false
              }
            ],
            "range_key": null,
            "read_capacity": 1,
            "replica": [],
            "server_side_encryption": [],
            "stream_arn": "",
            "stream_enabled": false,
            "stream_label": "",
            "stream_view_type": "",
            "tags": {},
            "tags_all": {},
            "timeouts": null,
            "ttl": [
              {
                "attribute_name": "",
                "enabled": false,
                "kms_key_arn": ""
              }
            ],
            "write_capacity": 1
          },
          "sensitive_attributes": [],
          "private": "eyJlMmJmYjczMC1lY2FhLTExZTYtOGY4OC0zNDM2M2JjN2M0YzAiOnsiY3JlYXRlIjoxMjAwMDAwMDAwMDAwLCJkZWxldGUiOjYwMDAwMDAwMDAwMCwidXBkYXRlIjozNjAwMDAwMDAwMDAwfSwic2NoZW1hX3ZlcnNpb24iOiIxIn0="
        }
      ]
    },
    {
      "mode": "managed",
      "type": "aws_dynamodb_table",
      "name": "companies_table",
      "provider": "provider[\"registry.terraform.io/hashicorp/aws\"]",
      "instances": [
        {
          "schema_version": 1,
          "attributes": {
            "arn": "arn:aws:dynamodb:eu-central-1:853297805448:table/Companies",
            "attribute": [
              {
                "name": "id",
                "type": "S"
              }
            ],
            "billing_mode": "PROVISIONED",
            "global_secondary_index": [],
            "hash_key": "id",
            "id": "Companies",
            "local_secondary_index": [],
            "name": "Companies",
            "point_in_time_recovery": [
              {
                "enabled": false
              }
            ],
            "range_key": null,
            "read_capacity": 1,
            "replica": [],
            "server_side_encryption": [],
            "stream_arn": "",
            "stream_enabled": false,
            "stream_label": "",
            "stream_view_type": "",
            "tags": {},
            "tags_all": {},
            "timeouts": null,
            "ttl": [
              {
                "attribute_name": "",
                "enabled": false,
                "kms_key_arn": ""
              }
            ],
            "write_capacity": 1
          },
          "sensitive_attributes": [],
          "private": "eyJlMmJmYjczMC1lY2FhLTExZTYtOGY4OC0zNDM2M2JjN2M0YzAiOnsiY3JlYXRlIjoxMjAwMDAwMDAwMDAwLCJkZWxldGUiOjYwMDAwMDAwMDAwMCwidXBkYXRlIjozNjAwMDAwMDAwMDAwfSwic2NoZW1hX3ZlcnNpb24iOiIxIn0="
        }
      ]
    },
    {
      "mode": "managed",
      "type": "aws_dynamodb_table",
      "name": "products_table",
      "provider": "provider[\"registry.terraform.io/hashicorp/aws\"]",
      "instances": [
        {
          "schema_version": 1,
          "attributes": {
            "arn": "arn:aws:dynamodb:eu-central-1:853297805448:table/Products",
            "attribute": [
              {
                "name": "id",
                "type": "S"
              }
            ],
            "billing_mode": "PROVISIONED",
            "global_secondary_index": [],
            "hash_key": "id",
            "id": "Products",
            "local_secondary_index": [],
            "name": "Products",
            "point_in_time_recovery": [
              {
                "enabled": false
              }
            ],
            "range_key": null,
            "read_capacity": 1,
            "replica": [],
            "server_side_encryption": [],
            "stream_arn": "",
            "stream_enabled": false,
            "stream_label": "",
            "stream_view_type": "",
            "tags": {},
            "tags_all": {},
            "timeouts": null,
            "ttl": [
              {
                "attribute_name": "",
                "enabled": false,
                "kms_key_arn": ""
              }
            ],
            "write_capacity": 1
          },
          "sensitive_attributes": [],
          "private": "eyJlMmJmYjczMC1lY2FhLTExZTYtOGY4OC0zNDM2M2JjN2M0YzAiOnsiY3JlYXRlIjoxMjAwMDAwMDAwMDAwLCJkZWxldGUiOjYwMDAwMDAwMDAwMCwidXBkYXRlIjozNjAwMDAwMDAwMDAwfSwic2NoZW1hX3ZlcnNpb24iOiIxIn0="
        }
      ]
    },
    {
      "mode": "managed",
      "type": "aws_iam_role",
      "name": "role",
      "provider": "provider[\"registry.terraform.io/hashicorp/aws\"]",
      "instances": [
        {
          "schema_version": 0,
          "attributes": {
            "arn": "arn:aws:iam::853297805448:role/terraform-20210823154944288900000001",
            "assume_role_policy": "{\"Version\":\"2012-10-17\",\"Statement\":[{\"Effect\":\"Allow\",\"Principal\":{\"Service\":\"appsync.amazonaws.com\"},\"Action\":\"sts:AssumeRole\"}]}",
            "create_date": "2021-08-23T15:49:44Z",
            "description": "",
            "force_detach_policies": false,
            "id": "terraform-20210823154944288900000001",
            "inline_policy": [
              {
                "name": "terraform-20210823154953472400000002",
                "policy": "{\n  \"Version\": \"2012-10-17\",\n  \"Statement\": [\n    {\n      \"Action\": [\n        \"dynamodb:*\"\n      ],\n      \"Effect\": \"Allow\",\n      \"Resource\": [\n        \"arn:aws:dynamodb:eu-central-1:853297805448:table/Companies\",\n        \"arn:aws:dynamodb:eu-central-1:853297805448:table/Brands\",\n        \"arn:aws:dynamodb:eu-central-1:853297805448:table/Products\"\n      ]\n    }\n  ]\n}\n"
              }
            ],
            "managed_policy_arns": [],
            "max_session_duration": 3600,
            "name": "terraform-20210823154944288900000001",
            "name_prefix": null,
            "path": "/",
            "permissions_boundary": null,
            "tags": {},
            "tags_all": {},
            "unique_id": "AROA4NLEDHCEH3FTJFK3T"
          },
          "sensitive_attributes": [],
          "private": "bnVsbA=="
        }
      ]
    },
    {
      "mode": "managed",
      "type": "aws_iam_role_policy",
      "name": "role_policy",
      "provider": "provider[\"registry.terraform.io/hashicorp/aws\"]",
      "instances": [
        {
          "schema_version": 0,
          "attributes": {
            "id": "terraform-20210823154944288900000001:terraform-20210823154953472400000002",
            "name": "terraform-20210823154953472400000002",
            "name_prefix": null,
            "policy": "{\n  \"Version\": \"2012-10-17\",\n  \"Statement\": [\n    {\n      \"Action\": [\n        \"dynamodb:*\"\n      ],\n      \"Effect\": \"Allow\",\n      \"Resource\": [\n        \"arn:aws:dynamodb:eu-central-1:853297805448:table/Companies\",\n        \"arn:aws:dynamodb:eu-central-1:853297805448:table/Brands\",\n        \"arn:aws:dynamodb:eu-central-1:853297805448:table/Products\"\n      ]\n    }\n  ]\n}\n",
            "role": "terraform-20210823154944288900000001"
          },
          "sensitive_attributes": [],
          "private": "bnVsbA==",
          "dependencies": [
            "aws_dynamodb_table.brands_table",
            "aws_dynamodb_table.companies_table",
            "aws_dynamodb_table.products_table",
            "aws_iam_role.role"
          ]
        }
      ]
    }
  ]
}
